
Microsoft Visual Studio Solution File, Format Version 12.00
# Visual Studio Version 16
VisualStudioVersion = 16.0.29503.13
MinimumVisualStudioVersion = 10.0.40219.1
Project("{2150E333-8FDC-42A3-9474-1A3956D46DE8}") = "01. Core Layer", "01. Core Layer", "{5712A193-96D4-43B8-873C-33C2D8D571B1}"
EndProject
Project("{9A19103F-16F7-4668-BE54-9A1E7A4F7556}") = "Medikit.EHealth", "src\EHealth\Medikit.EHealth\Medikit.EHealth.csproj", "{B59825CD-F0BC-4E18-964F-DD19EBDA9E01}"
EndProject
Project("{2150E333-8FDC-42A3-9474-1A3956D46DE8}") = "02. Startup Layer", "02. Startup Layer", "{495188AF-FD55-4A11-8A39-866542BB58E3}"
EndProject
Project("{9A19103F-16F7-4668-BE54-9A1E7A4F7556}") = "Medikit.EHealth.Console", "src\EHealth\Medikit.EHealth.Console\Medikit.EHealth.Console.csproj", "{7487CBED-8B24-44E1-9FF1-75684F07FB35}"
EndProject
Project("{9A19103F-16F7-4668-BE54-9A1E7A4F7556}") = "Medikit.EID", "src\EID\Medikit.EID\Medikit.EID.csproj", "{5FAEB3F9-3F65-4CB5-A975-85CFDE438AAA}"
EndProject
Project("{2150E333-8FDC-42A3-9474-1A3956D46DE8}") = "03. Testing Layer", "03. Testing Layer", "{847058E5-77A4-4807-B89E-AA897E08E1BC}"
EndProject
Project("{9A19103F-16F7-4668-BE54-9A1E7A4F7556}") = "PcscDotNet", "src\EID\PcscDotNet\PcscDotNet.csproj", "{175739C3-112C-4E00-AA6B-6E1F8F225232}"
EndProject
Project("{2150E333-8FDC-42A3-9474-1A3956D46DE8}") = "00. Other Layer", "00. Other Layer", "{951D6416-ED80-4F1F-8CBA-9300960BFE18}"
EndProject
Project("{9A19103F-16F7-4668-BE54-9A1E7A4F7556}") = "Medikit.Website", "src\Medikit\Medikit.Website\Medikit.Website.csproj", "{4ADDC6D1-2801-4109-8AC2-EB6AE58FB7BC}"
EndProject
Project("{9A19103F-16F7-4668-BE54-9A1E7A4F7556}") = "Medikit.Api.Application", "src\Medikit\Medikit.Api.Application\Medikit.Api.Application.csproj", "{BBD6552E-47C3-4E20-873C-171BA27B5043}"
EndProject
Project("{9A19103F-16F7-4668-BE54-9A1E7A4F7556}") = "Medikit.Api.Host", "src\Medikit\Medikit.Api.Host\Medikit.Api.Host.csproj", "{6C029697-7A2A-417F-979C-F02043186C7B}"
EndProject
Project("{9A19103F-16F7-4668-BE54-9A1E7A4F7556}") = "Medikit.Api.Acceptance.Tests", "tests\Medikit.Api.Acceptance.Tests\Medikit.Api.Acceptance.Tests.csproj", "{D7F40088-CD4C-45BB-8267-69D32394C0F9}"
EndProject
Project("{9A19103F-16F7-4668-BE54-9A1E7A4F7556}") = "Medikit.Api.AspNetCore", "src\Medikit\Medikit.Api.AspNetCore\Medikit.Api.AspNetCore.csproj", "{5D7F67A4-6720-41F7-819F-09231CC5A398}"
EndProject
Project("{9A19103F-16F7-4668-BE54-9A1E7A4F7556}") = "Medikit.Authenticate.Client", "src\Medikit\Medikit.Authenticate.Client\Medikit.Authenticate.Client.csproj", "{7BFB729D-2433-4BBA-B7E4-0CECC7C7EF65}"
EndProject
Project("{9A19103F-16F7-4668-BE54-9A1E7A4F7556}") = "Medikit.Security.Cryptography", "src\EHealth\Medikit.Security.Cryptography\Medikit.Security.Cryptography.csproj", "{C7E08B0A-49F3-46BE-8310-1804727E9AF7}"
EndProject
Project("{9A19103F-16F7-4668-BE54-9A1E7A4F7556}") = "Medikit.Security.Cryptography.Pkcs", "src\EHealth\Medikit.Security.Cryptography.Pkcs\Medikit.Security.Cryptography.Pkcs.csproj", "{3F8582B2-4D97-498A-B6C0-FF40DE6DDAE0}"
EndProject
Project("{930C7802-8A8C-48F9-8165-68863BCCD9DD}") = "Medikit.Installer", "src\Medikit\Medikit.Installer\Medikit.Installer.wixproj", "{C226945D-43C5-47C0-8674-3583FA68497B}"
EndProject
Project("{930C7802-8A8C-48F9-8165-68863BCCD9DD}") = "Medikit.Bundle", "src\Medikit\Medikit.Bundle\Medikit.Bundle.wixproj", "{FAF2C8A2-B039-413A-9273-6B071630FBA6}"
EndProject
Project("{2150E333-8FDC-42A3-9474-1A3956D46DE8}") = "01. MSI", "01. MSI", "{F330EA57-EAAF-4C9F-9652-220763A96844}"
EndProject
Global
	GlobalSection(SolutionConfigurationPlatforms) = preSolution
		Debug|Any CPU = Debug|Any CPU
		Debug|iPhone = Debug|iPhone
		Debug|iPhoneSimulator = Debug|iPhoneSimulator
		Debug|x86 = Debug|x86
		Release|Any CPU = Release|Any CPU
		Release|iPhone = Release|iPhone
		Release|iPhoneSimulator = Release|iPhoneSimulator
		Release|x86 = Release|x86
	EndGlobalSection
	GlobalSection(ProjectConfigurationPlatforms) = postSolution
		{B59825CD-F0BC-4E18-964F-DD19EBDA9E01}.Debug|Any CPU.ActiveCfg = Debug|Any CPU
		{B59825CD-F0BC-4E18-964F-DD19EBDA9E01}.Debug|Any CPU.Build.0 = Debug|Any CPU
		{B59825CD-F0BC-4E18-964F-DD19EBDA9E01}.Debug|iPhone.ActiveCfg = Debug|Any CPU
		{B59825CD-F0BC-4E18-964F-DD19EBDA9E01}.Debug|iPhone.Build.0 = Debug|Any CPU
		{B59825CD-F0BC-4E18-964F-DD19EBDA9E01}.Debug|iPhoneSimulator.ActiveCfg = Debug|Any CPU
		{B59825CD-F0BC-4E18-964F-DD19EBDA9E01}.Debug|iPhoneSimulator.Build.0 = Debug|Any CPU
		{B59825CD-F0BC-4E18-964F-DD19EBDA9E01}.Debug|x86.ActiveCfg = Debug|Any CPU
		{B59825CD-F0BC-4E18-964F-DD19EBDA9E01}.Debug|x86.Build.0 = Debug|Any CPU
		{B59825CD-F0BC-4E18-964F-DD19EBDA9E01}.Release|Any CPU.ActiveCfg = Release|Any CPU
		{B59825CD-F0BC-4E18-964F-DD19EBDA9E01}.Release|Any CPU.Build.0 = Release|Any CPU
		{B59825CD-F0BC-4E18-964F-DD19EBDA9E01}.Release|iPhone.ActiveCfg = Release|Any CPU
		{B59825CD-F0BC-4E18-964F-DD19EBDA9E01}.Release|iPhone.Build.0 = Release|Any CPU
		{B59825CD-F0BC-4E18-964F-DD19EBDA9E01}.Release|iPhoneSimulator.ActiveCfg = Release|Any CPU
		{B59825CD-F0BC-4E18-964F-DD19EBDA9E01}.Release|iPhoneSimulator.Build.0 = Release|Any CPU
		{B59825CD-F0BC-4E18-964F-DD19EBDA9E01}.Release|x86.ActiveCfg = Release|Any CPU
		{B59825CD-F0BC-4E18-964F-DD19EBDA9E01}.Release|x86.Build.0 = Release|Any CPU
		{7487CBED-8B24-44E1-9FF1-75684F07FB35}.Debug|Any CPU.ActiveCfg = Debug|Any CPU
		{7487CBED-8B24-44E1-9FF1-75684F07FB35}.Debug|Any CPU.Build.0 = Debug|Any CPU
		{7487CBED-8B24-44E1-9FF1-75684F07FB35}.Debug|iPhone.ActiveCfg = Debug|Any CPU
		{7487CBED-8B24-44E1-9FF1-75684F07FB35}.Debug|iPhone.Build.0 = Debug|Any CPU
		{7487CBED-8B24-44E1-9FF1-75684F07FB35}.Debug|iPhoneSimulator.ActiveCfg = Debug|Any CPU
		{7487CBED-8B24-44E1-9FF1-75684F07FB35}.Debug|iPhoneSimulator.Build.0 = Debug|Any CPU
		{7487CBED-8B24-44E1-9FF1-75684F07FB35}.Debug|x86.ActiveCfg = Debug|Any CPU
		{7487CBED-8B24-44E1-9FF1-75684F07FB35}.Debug|x86.Build.0 = Debug|Any CPU
		{7487CBED-8B24-44E1-9FF1-75684F07FB35}.Release|Any CPU.ActiveCfg = Release|Any CPU
		{7487CBED-8B24-44E1-9FF1-75684F07FB35}.Release|Any CPU.Build.0 = Release|Any CPU
		{7487CBED-8B24-44E1-9FF1-75684F07FB35}.Release|iPhone.ActiveCfg = Release|Any CPU
		{7487CBED-8B24-44E1-9FF1-75684F07FB35}.Release|iPhone.Build.0 = Release|Any CPU
		{7487CBED-8B24-44E1-9FF1-75684F07FB35}.Release|iPhoneSimulator.ActiveCfg = Release|Any CPU
		{7487CBED-8B24-44E1-9FF1-75684F07FB35}.Release|iPhoneSimulator.Build.0 = Release|Any CPU
		{7487CBED-8B24-44E1-9FF1-75684F07FB35}.Release|x86.ActiveCfg = Release|Any CPU
		{7487CBED-8B24-44E1-9FF1-75684F07FB35}.Release|x86.Build.0 = Release|Any CPU
		{5FAEB3F9-3F65-4CB5-A975-85CFDE438AAA}.Debug|Any CPU.ActiveCfg = Debug|Any CPU
		{5FAEB3F9-3F65-4CB5-A975-85CFDE438AAA}.Debug|Any CPU.Build.0 = Debug|Any CPU
		{5FAEB3F9-3F65-4CB5-A975-85CFDE438AAA}.Debug|iPhone.ActiveCfg = Debug|Any CPU
		{5FAEB3F9-3F65-4CB5-A975-85CFDE438AAA}.Debug|iPhone.Build.0 = Debug|Any CPU
		{5FAEB3F9-3F65-4CB5-A975-85CFDE438AAA}.Debug|iPhoneSimulator.ActiveCfg = Debug|Any CPU
		{5FAEB3F9-3F65-4CB5-A975-85CFDE438AAA}.Debug|iPhoneSimulator.Build.0 = Debug|Any CPU
		{5FAEB3F9-3F65-4CB5-A975-85CFDE438AAA}.Debug|x86.ActiveCfg = Debug|Any CPU
		{5FAEB3F9-3F65-4CB5-A975-85CFDE438AAA}.Debug|x86.Build.0 = Debug|Any CPU
		{5FAEB3F9-3F65-4CB5-A975-85CFDE438AAA}.Release|Any CPU.ActiveCfg = Release|Any CPU
		{5FAEB3F9-3F65-4CB5-A975-85CFDE438AAA}.Release|Any CPU.Build.0 = Release|Any CPU
		{5FAEB3F9-3F65-4CB5-A975-85CFDE438AAA}.Release|iPhone.ActiveCfg = Release|Any CPU
		{5FAEB3F9-3F65-4CB5-A975-85CFDE438AAA}.Release|iPhone.Build.0 = Release|Any CPU
		{5FAEB3F9-3F65-4CB5-A975-85CFDE438AAA}.Release|iPhoneSimulator.ActiveCfg = Release|Any CPU
		{5FAEB3F9-3F65-4CB5-A975-85CFDE438AAA}.Release|iPhoneSimulator.Build.0 = Release|Any CPU
		{5FAEB3F9-3F65-4CB5-A975-85CFDE438AAA}.Release|x86.ActiveCfg = Release|Any CPU
		{5FAEB3F9-3F65-4CB5-A975-85CFDE438AAA}.Release|x86.Build.0 = Release|Any CPU
		{175739C3-112C-4E00-AA6B-6E1F8F225232}.Debug|Any CPU.ActiveCfg = Debug|Any CPU
		{175739C3-112C-4E00-AA6B-6E1F8F225232}.Debug|Any CPU.Build.0 = Debug|Any CPU
		{175739C3-112C-4E00-AA6B-6E1F8F225232}.Debug|iPhone.ActiveCfg = Debug|Any CPU
		{175739C3-112C-4E00-AA6B-6E1F8F225232}.Debug|iPhone.Build.0 = Debug|Any CPU
		{175739C3-112C-4E00-AA6B-6E1F8F225232}.Debug|iPhoneSimulator.ActiveCfg = Debug|Any CPU
		{175739C3-112C-4E00-AA6B-6E1F8F225232}.Debug|iPhoneSimulator.Build.0 = Debug|Any CPU
		{175739C3-112C-4E00-AA6B-6E1F8F225232}.Debug|x86.ActiveCfg = Debug|Any CPU
		{175739C3-112C-4E00-AA6B-6E1F8F225232}.Debug|x86.Build.0 = Debug|Any CPU
		{175739C3-112C-4E00-AA6B-6E1F8F225232}.Release|Any CPU.ActiveCfg = Release|Any CPU
		{175739C3-112C-4E00-AA6B-6E1F8F225232}.Release|Any CPU.Build.0 = Release|Any CPU
		{175739C3-112C-4E00-AA6B-6E1F8F225232}.Release|iPhone.ActiveCfg = Release|Any CPU
		{175739C3-112C-4E00-AA6B-6E1F8F225232}.Release|iPhone.Build.0 = Release|Any CPU
		{175739C3-112C-4E00-AA6B-6E1F8F225232}.Release|iPhoneSimulator.ActiveCfg = Release|Any CPU
		{175739C3-112C-4E00-AA6B-6E1F8F225232}.Release|iPhoneSimulator.Build.0 = Release|Any CPU
		{175739C3-112C-4E00-AA6B-6E1F8F225232}.Release|x86.ActiveCfg = Release|Any CPU
		{175739C3-112C-4E00-AA6B-6E1F8F225232}.Release|x86.Build.0 = Release|Any CPU
		{4ADDC6D1-2801-4109-8AC2-EB6AE58FB7BC}.Debug|Any CPU.ActiveCfg = Debug|Any CPU
		{4ADDC6D1-2801-4109-8AC2-EB6AE58FB7BC}.Debug|Any CPU.Build.0 = Debug|Any CPU
		{4ADDC6D1-2801-4109-8AC2-EB6AE58FB7BC}.Debug|iPhone.ActiveCfg = Debug|Any CPU
		{4ADDC6D1-2801-4109-8AC2-EB6AE58FB7BC}.Debug|iPhone.Build.0 = Debug|Any CPU
		{4ADDC6D1-2801-4109-8AC2-EB6AE58FB7BC}.Debug|iPhoneSimulator.ActiveCfg = Debug|Any CPU
		{4ADDC6D1-2801-4109-8AC2-EB6AE58FB7BC}.Debug|iPhoneSimulator.Build.0 = Debug|Any CPU
		{4ADDC6D1-2801-4109-8AC2-EB6AE58FB7BC}.Debug|x86.ActiveCfg = Debug|Any CPU
		{4ADDC6D1-2801-4109-8AC2-EB6AE58FB7BC}.Debug|x86.Build.0 = Debug|Any CPU
		{4ADDC6D1-2801-4109-8AC2-EB6AE58FB7BC}.Release|Any CPU.ActiveCfg = Release|Any CPU
		{4ADDC6D1-2801-4109-8AC2-EB6AE58FB7BC}.Release|Any CPU.Build.0 = Release|Any CPU
		{4ADDC6D1-2801-4109-8AC2-EB6AE58FB7BC}.Release|iPhone.ActiveCfg = Release|Any CPU
		{4ADDC6D1-2801-4109-8AC2-EB6AE58FB7BC}.Release|iPhone.Build.0 = Release|Any CPU
		{4ADDC6D1-2801-4109-8AC2-EB6AE58FB7BC}.Release|iPhoneSimulator.ActiveCfg = Release|Any CPU
		{4ADDC6D1-2801-4109-8AC2-EB6AE58FB7BC}.Release|iPhoneSimulator.Build.0 = Release|Any CPU
		{4ADDC6D1-2801-4109-8AC2-EB6AE58FB7BC}.Release|x86.ActiveCfg = Release|Any CPU
		{4ADDC6D1-2801-4109-8AC2-EB6AE58FB7BC}.Release|x86.Build.0 = Release|Any CPU
		{BBD6552E-47C3-4E20-873C-171BA27B5043}.Debug|Any CPU.ActiveCfg = Debug|Any CPU
		{BBD6552E-47C3-4E20-873C-171BA27B5043}.Debug|Any CPU.Build.0 = Debug|Any CPU
		{BBD6552E-47C3-4E20-873C-171BA27B5043}.Debug|iPhone.ActiveCfg = Debug|Any CPU
		{BBD6552E-47C3-4E20-873C-171BA27B5043}.Debug|iPhone.Build.0 = Debug|Any CPU
		{BBD6552E-47C3-4E20-873C-171BA27B5043}.Debug|iPhoneSimulator.ActiveCfg = Debug|Any CPU
		{BBD6552E-47C3-4E20-873C-171BA27B5043}.Debug|iPhoneSimulator.Build.0 = Debug|Any CPU
		{BBD6552E-47C3-4E20-873C-171BA27B5043}.Debug|x86.ActiveCfg = Debug|Any CPU
		{BBD6552E-47C3-4E20-873C-171BA27B5043}.Debug|x86.Build.0 = Debug|Any CPU
		{BBD6552E-47C3-4E20-873C-171BA27B5043}.Release|Any CPU.ActiveCfg = Release|Any CPU
		{BBD6552E-47C3-4E20-873C-171BA27B5043}.Release|Any CPU.Build.0 = Release|Any CPU
		{BBD6552E-47C3-4E20-873C-171BA27B5043}.Release|iPhone.ActiveCfg = Release|Any CPU
		{BBD6552E-47C3-4E20-873C-171BA27B5043}.Release|iPhone.Build.0 = Release|Any CPU
		{BBD6552E-47C3-4E20-873C-171BA27B5043}.Release|iPhoneSimulator.ActiveCfg = Release|Any CPU
		{BBD6552E-47C3-4E20-873C-171BA27B5043}.Release|iPhoneSimulator.Build.0 = Release|Any CPU
		{BBD6552E-47C3-4E20-873C-171BA27B5043}.Release|x86.ActiveCfg = Release|Any CPU
		{BBD6552E-47C3-4E20-873C-171BA27B5043}.Release|x86.Build.0 = Release|Any CPU
		{6C029697-7A2A-417F-979C-F02043186C7B}.Debug|Any CPU.ActiveCfg = Debug|Any CPU
		{6C029697-7A2A-417F-979C-F02043186C7B}.Debug|Any CPU.Build.0 = Debug|Any CPU
		{6C029697-7A2A-417F-979C-F02043186C7B}.Debug|iPhone.ActiveCfg = Debug|Any CPU
		{6C029697-7A2A-417F-979C-F02043186C7B}.Debug|iPhone.Build.0 = Debug|Any CPU
		{6C029697-7A2A-417F-979C-F02043186C7B}.Debug|iPhoneSimulator.ActiveCfg = Debug|Any CPU
		{6C029697-7A2A-417F-979C-F02043186C7B}.Debug|iPhoneSimulator.Build.0 = Debug|Any CPU
		{6C029697-7A2A-417F-979C-F02043186C7B}.Debug|x86.ActiveCfg = Debug|Any CPU
		{6C029697-7A2A-417F-979C-F02043186C7B}.Debug|x86.Build.0 = Debug|Any CPU
		{6C029697-7A2A-417F-979C-F02043186C7B}.Release|Any CPU.ActiveCfg = Release|Any CPU
		{6C029697-7A2A-417F-979C-F02043186C7B}.Release|Any CPU.Build.0 = Release|Any CPU
		{6C029697-7A2A-417F-979C-F02043186C7B}.Release|iPhone.ActiveCfg = Release|Any CPU
		{6C029697-7A2A-417F-979C-F02043186C7B}.Release|iPhone.Build.0 = Release|Any CPU
		{6C029697-7A2A-417F-979C-F02043186C7B}.Release|iPhoneSimulator.ActiveCfg = Release|Any CPU
		{6C029697-7A2A-417F-979C-F02043186C7B}.Release|iPhoneSimulator.Build.0 = Release|Any CPU
		{6C029697-7A2A-417F-979C-F02043186C7B}.Release|x86.ActiveCfg = Release|Any CPU
		{6C029697-7A2A-417F-979C-F02043186C7B}.Release|x86.Build.0 = Release|Any CPU
		{D7F40088-CD4C-45BB-8267-69D32394C0F9}.Debug|Any CPU.ActiveCfg = Debug|Any CPU
		{D7F40088-CD4C-45BB-8267-69D32394C0F9}.Debug|Any CPU.Build.0 = Debug|Any CPU
		{D7F40088-CD4C-45BB-8267-69D32394C0F9}.Debug|iPhone.ActiveCfg = Debug|Any CPU
		{D7F40088-CD4C-45BB-8267-69D32394C0F9}.Debug|iPhone.Build.0 = Debug|Any CPU
		{D7F40088-CD4C-45BB-8267-69D32394C0F9}.Debug|iPhoneSimulator.ActiveCfg = Debug|Any CPU
		{D7F40088-CD4C-45BB-8267-69D32394C0F9}.Debug|iPhoneSimulator.Build.0 = Debug|Any CPU
		{D7F40088-CD4C-45BB-8267-69D32394C0F9}.Debug|x86.ActiveCfg = Debug|Any CPU
		{D7F40088-CD4C-45BB-8267-69D32394C0F9}.Debug|x86.Build.0 = Debug|Any CPU
		{D7F40088-CD4C-45BB-8267-69D32394C0F9}.Release|Any CPU.ActiveCfg = Release|Any CPU
		{D7F40088-CD4C-45BB-8267-69D32394C0F9}.Release|Any CPU.Build.0 = Release|Any CPU
		{D7F40088-CD4C-45BB-8267-69D32394C0F9}.Release|iPhone.ActiveCfg = Release|Any CPU
		{D7F40088-CD4C-45BB-8267-69D32394C0F9}.Release|iPhone.Build.0 = Release|Any CPU
		{D7F40088-CD4C-45BB-8267-69D32394C0F9}.Release|iPhoneSimulator.ActiveCfg = Release|Any CPU
		{D7F40088-CD4C-45BB-8267-69D32394C0F9}.Release|iPhoneSimulator.Build.0 = Release|Any CPU
		{D7F40088-CD4C-45BB-8267-69D32394C0F9}.Release|x86.ActiveCfg = Release|Any CPU
		{D7F40088-CD4C-45BB-8267-69D32394C0F9}.Release|x86.Build.0 = Release|Any CPU
		{5D7F67A4-6720-41F7-819F-09231CC5A398}.Debug|Any CPU.ActiveCfg = Debug|Any CPU
		{5D7F67A4-6720-41F7-819F-09231CC5A398}.Debug|Any CPU.Build.0 = Debug|Any CPU
		{5D7F67A4-6720-41F7-819F-09231CC5A398}.Debug|iPhone.ActiveCfg = Debug|Any CPU
		{5D7F67A4-6720-41F7-819F-09231CC5A398}.Debug|iPhone.Build.0 = Debug|Any CPU
		{5D7F67A4-6720-41F7-819F-09231CC5A398}.Debug|iPhoneSimulator.ActiveCfg = Debug|Any CPU
		{5D7F67A4-6720-41F7-819F-09231CC5A398}.Debug|iPhoneSimulator.Build.0 = Debug|Any CPU
		{5D7F67A4-6720-41F7-819F-09231CC5A398}.Debug|x86.ActiveCfg = Debug|Any CPU
		{5D7F67A4-6720-41F7-819F-09231CC5A398}.Debug|x86.Build.0 = Debug|Any CPU
		{5D7F67A4-6720-41F7-819F-09231CC5A398}.Release|Any CPU.ActiveCfg = Release|Any CPU
		{5D7F67A4-6720-41F7-819F-09231CC5A398}.Release|Any CPU.Build.0 = Release|Any CPU
		{5D7F67A4-6720-41F7-819F-09231CC5A398}.Release|iPhone.ActiveCfg = Release|Any CPU
		{5D7F67A4-6720-41F7-819F-09231CC5A398}.Release|iPhone.Build.0 = Release|Any CPU
		{5D7F67A4-6720-41F7-819F-09231CC5A398}.Release|iPhoneSimulator.ActiveCfg = Release|Any CPU
		{5D7F67A4-6720-41F7-819F-09231CC5A398}.Release|iPhoneSimulator.Build.0 = Release|Any CPU
		{5D7F67A4-6720-41F7-819F-09231CC5A398}.Release|x86.ActiveCfg = Release|Any CPU
		{5D7F67A4-6720-41F7-819F-09231CC5A398}.Release|x86.Build.0 = Release|Any CPU
		{7BFB729D-2433-4BBA-B7E4-0CECC7C7EF65}.Debug|Any CPU.ActiveCfg = Debug|Any CPU
		{7BFB729D-2433-4BBA-B7E4-0CECC7C7EF65}.Debug|Any CPU.Build.0 = Debug|Any CPU
		{7BFB729D-2433-4BBA-B7E4-0CECC7C7EF65}.Debug|iPhone.ActiveCfg = Debug|Any CPU
		{7BFB729D-2433-4BBA-B7E4-0CECC7C7EF65}.Debug|iPhone.Build.0 = Debug|Any CPU
		{7BFB729D-2433-4BBA-B7E4-0CECC7C7EF65}.Debug|iPhoneSimulator.ActiveCfg = Debug|Any CPU
		{7BFB729D-2433-4BBA-B7E4-0CECC7C7EF65}.Debug|iPhoneSimulator.Build.0 = Debug|Any CPU
		{7BFB729D-2433-4BBA-B7E4-0CECC7C7EF65}.Debug|x86.ActiveCfg = Debug|Any CPU
		{7BFB729D-2433-4BBA-B7E4-0CECC7C7EF65}.Debug|x86.Build.0 = Debug|Any CPU
		{7BFB729D-2433-4BBA-B7E4-0CECC7C7EF65}.Release|Any CPU.ActiveCfg = Release|Any CPU
		{7BFB729D-2433-4BBA-B7E4-0CECC7C7EF65}.Release|Any CPU.Build.0 = Release|Any CPU
		{7BFB729D-2433-4BBA-B7E4-0CECC7C7EF65}.Release|iPhone.ActiveCfg = Release|Any CPU
		{7BFB729D-2433-4BBA-B7E4-0CECC7C7EF65}.Release|iPhone.Build.0 = Release|Any CPU
		{7BFB729D-2433-4BBA-B7E4-0CECC7C7EF65}.Release|iPhoneSimulator.ActiveCfg = Release|Any CPU
		{7BFB729D-2433-4BBA-B7E4-0CECC7C7EF65}.Release|iPhoneSimulator.Build.0 = Release|Any CPU
		{7BFB729D-2433-4BBA-B7E4-0CECC7C7EF65}.Release|x86.ActiveCfg = Release|Any CPU
		{7BFB729D-2433-4BBA-B7E4-0CECC7C7EF65}.Release|x86.Build.0 = Release|Any CPU
		{C7E08B0A-49F3-46BE-8310-1804727E9AF7}.Debug|Any CPU.ActiveCfg = Debug|Any CPU
		{C7E08B0A-49F3-46BE-8310-1804727E9AF7}.Debug|Any CPU.Build.0 = Debug|Any CPU
		{C7E08B0A-49F3-46BE-8310-1804727E9AF7}.Debug|iPhone.ActiveCfg = Debug|Any CPU
		{C7E08B0A-49F3-46BE-8310-1804727E9AF7}.Debug|iPhone.Build.0 = Debug|Any CPU
		{C7E08B0A-49F3-46BE-8310-1804727E9AF7}.Debug|iPhoneSimulator.ActiveCfg = Debug|Any CPU
		{C7E08B0A-49F3-46BE-8310-1804727E9AF7}.Debug|iPhoneSimulator.Build.0 = Debug|Any CPU
		{C7E08B0A-49F3-46BE-8310-1804727E9AF7}.Debug|x86.ActiveCfg = Debug|Any CPU
		{C7E08B0A-49F3-46BE-8310-1804727E9AF7}.Debug|x86.Build.0 = Debug|Any CPU
		{C7E08B0A-49F3-46BE-8310-1804727E9AF7}.Release|Any CPU.ActiveCfg = Release|Any CPU
		{C7E08B0A-49F3-46BE-8310-1804727E9AF7}.Release|Any CPU.Build.0 = Release|Any CPU
		{C7E08B0A-49F3-46BE-8310-1804727E9AF7}.Release|iPhone.ActiveCfg = Release|Any CPU
		{C7E08B0A-49F3-46BE-8310-1804727E9AF7}.Release|iPhone.Build.0 = Release|Any CPU
		{C7E08B0A-49F3-46BE-8310-1804727E9AF7}.Release|iPhoneSimulator.ActiveCfg = Release|Any CPU
		{C7E08B0A-49F3-46BE-8310-1804727E9AF7}.Release|iPhoneSimulator.Build.0 = Release|Any CPU
		{C7E08B0A-49F3-46BE-8310-1804727E9AF7}.Release|x86.ActiveCfg = Release|Any CPU
		{C7E08B0A-49F3-46BE-8310-1804727E9AF7}.Release|x86.Build.0 = Release|Any CPU
		{3F8582B2-4D97-498A-B6C0-FF40DE6DDAE0}.Debug|Any CPU.ActiveCfg = Debug|Any CPU
		{3F8582B2-4D97-498A-B6C0-FF40DE6DDAE0}.Debug|Any CPU.Build.0 = Debug|Any CPU
		{3F8582B2-4D97-498A-B6C0-FF40DE6DDAE0}.Debug|iPhone.ActiveCfg = Debug|Any CPU
		{3F8582B2-4D97-498A-B6C0-FF40DE6DDAE0}.Debug|iPhone.Build.0 = Debug|Any CPU
		{3F8582B2-4D97-498A-B6C0-FF40DE6DDAE0}.Debug|iPhoneSimulator.ActiveCfg = Debug|Any CPU
		{3F8582B2-4D97-498A-B6C0-FF40DE6DDAE0}.Debug|iPhoneSimulator.Build.0 = Debug|Any CPU
		{3F8582B2-4D97-498A-B6C0-FF40DE6DDAE0}.Debug|x86.ActiveCfg = Debug|Any CPU
		{3F8582B2-4D97-498A-B6C0-FF40DE6DDAE0}.Debug|x86.Build.0 = Debug|Any CPU
		{3F8582B2-4D97-498A-B6C0-FF40DE6DDAE0}.Release|Any CPU.ActiveCfg = Release|Any CPU
		{3F8582B2-4D97-498A-B6C0-FF40DE6DDAE0}.Release|Any CPU.Build.0 = Release|Any CPU
		{3F8582B2-4D97-498A-B6C0-FF40DE6DDAE0}.Release|iPhone.ActiveCfg = Release|Any CPU
		{3F8582B2-4D97-498A-B6C0-FF40DE6DDAE0}.Release|iPhone.Build.0 = Release|Any CPU
		{3F8582B2-4D97-498A-B6C0-FF40DE6DDAE0}.Release|iPhoneSimulator.ActiveCfg = Release|Any CPU
		{3F8582B2-4D97-498A-B6C0-FF40DE6DDAE0}.Release|iPhoneSimulator.Build.0 = Release|Any CPU
		{3F8582B2-4D97-498A-B6C0-FF40DE6DDAE0}.Release|x86.ActiveCfg = Release|Any CPU
		{3F8582B2-4D97-498A-B6C0-FF40DE6DDAE0}.Release|x86.Build.0 = Release|Any CPU
		{C226945D-43C5-47C0-8674-3583FA68497B}.Debug|Any CPU.ActiveCfg = Debug|x86
		{C226945D-43C5-47C0-8674-3583FA68497B}.Debug|iPhone.ActiveCfg = Debug|x86
		{C226945D-43C5-47C0-8674-3583FA68497B}.Debug|iPhoneSimulator.ActiveCfg = Debug|x86
		{C226945D-43C5-47C0-8674-3583FA68497B}.Debug|x86.ActiveCfg = Debug|x86
		{C226945D-43C5-47C0-8674-3583FA68497B}.Debug|x86.Build.0 = Debug|x86
		{C226945D-43C5-47C0-8674-3583FA68497B}.Release|Any CPU.ActiveCfg = Release|x86
		{C226945D-43C5-47C0-8674-3583FA68497B}.Release|iPhone.ActiveCfg = Release|x86
		{C226945D-43C5-47C0-8674-3583FA68497B}.Release|iPhoneSimulator.ActiveCfg = Release|x86
		{C226945D-43C5-47C0-8674-3583FA68497B}.Release|x86.ActiveCfg = Release|x86
		{C226945D-43C5-47C0-8674-3583FA68497B}.Release|x86.Build.0 = Release|x86
		{FAF2C8A2-B039-413A-9273-6B071630FBA6}.Debug|Any CPU.ActiveCfg = Debug|x86
		{FAF2C8A2-B039-413A-9273-6B071630FBA6}.Debug|iPhone.ActiveCfg = Debug|x86
		{FAF2C8A2-B039-413A-9273-6B071630FBA6}.Debug|iPhoneSimulator.ActiveCfg = Debug|x86
		{FAF2C8A2-B039-413A-9273-6B071630FBA6}.Debug|x86.ActiveCfg = Debug|x86
		{FAF2C8A2-B039-413A-9273-6B071630FBA6}.Debug|x86.Build.0 = Debug|x86
		{FAF2C8A2-B039-413A-9273-6B071630FBA6}.Release|Any CPU.ActiveCfg = Release|x86
		{FAF2C8A2-B039-413A-9273-6B071630FBA6}.Release|iPhone.ActiveCfg = Release|x86
		{FAF2C8A2-B039-413A-9273-6B071630FBA6}.Release|iPhoneSimulator.ActiveCfg = Release|x86
		{FAF2C8A2-B039-413A-9273-6B071630FBA6}.Release|x86.ActiveCfg = Release|x86
		{FAF2C8A2-B039-413A-9273-6B071630FBA6}.Release|x86.Build.0 = Release|x86
	EndGlobalSection
	GlobalSection(SolutionProperties) = preSolution
		HideSolutionNode = FALSE
	EndGlobalSection
	GlobalSection(NestedProjects) = preSolution
		{B59825CD-F0BC-4E18-964F-DD19EBDA9E01} = {5712A193-96D4-43B8-873C-33C2D8D571B1}
		{7487CBED-8B24-44E1-9FF1-75684F07FB35} = {495188AF-FD55-4A11-8A39-866542BB58E3}
		{5FAEB3F9-3F65-4CB5-A975-85CFDE438AAA} = {5712A193-96D4-43B8-873C-33C2D8D571B1}
		{175739C3-112C-4E00-AA6B-6E1F8F225232} = {5712A193-96D4-43B8-873C-33C2D8D571B1}
		{4ADDC6D1-2801-4109-8AC2-EB6AE58FB7BC} = {495188AF-FD55-4A11-8A39-866542BB58E3}
		{BBD6552E-47C3-4E20-873C-171BA27B5043} = {5712A193-96D4-43B8-873C-33C2D8D571B1}
		{6C029697-7A2A-417F-979C-F02043186C7B} = {495188AF-FD55-4A11-8A39-866542BB58E3}
		{D7F40088-CD4C-45BB-8267-69D32394C0F9} = {847058E5-77A4-4807-B89E-AA897E08E1BC}
		{5D7F67A4-6720-41F7-819F-09231CC5A398} = {5712A193-96D4-43B8-873C-33C2D8D571B1}
		{7BFB729D-2433-4BBA-B7E4-0CECC7C7EF65} = {495188AF-FD55-4A11-8A39-866542BB58E3}
		{C7E08B0A-49F3-46BE-8310-1804727E9AF7} = {951D6416-ED80-4F1F-8CBA-9300960BFE18}
		{3F8582B2-4D97-498A-B6C0-FF40DE6DDAE0} = {951D6416-ED80-4F1F-8CBA-9300960BFE18}
		{C226945D-43C5-47C0-8674-3583FA68497B} = {F330EA57-EAAF-4C9F-9652-220763A96844}
		{FAF2C8A2-B039-413A-9273-6B071630FBA6} = {F330EA57-EAAF-4C9F-9652-220763A96844}
		{F330EA57-EAAF-4C9F-9652-220763A96844} = {495188AF-FD55-4A11-8A39-866542BB58E3}
	EndGlobalSection
	GlobalSection(ExtensibilityGlobals) = postSolution
		SolutionGuid = {6961784B-B6B2-41A1-B65C-6D05EAD29C5F}
	EndGlobalSection
EndGlobal
